
Microsoft Visual Studio Solution File, Format Version 12.00
# Visual Studio Version 17
VisualStudioVersion = 17.6.33829.357
MinimumVisualStudioVersion = 10.0.40219.1
Project("{FAE04EC0-301F-11D3-BF4B-00C04F79EFBC}") = "TestProject1", "TestProject1\TestProject1.csproj", "{EB3E5C4E-2DBF-40B4-975F-323F94A547EC}"
EndProject
Global
	GlobalSection(SolutionConfigurationPlatforms) = preSolution
		Debug|Any CPU = Debug|Any CPU
		Release|Any CPU = Release|Any CPU
	EndGlobalSection
	GlobalSection(ProjectConfigurationPlatforms) = postSolution
		{EB3E5C4E-2DBF-40B4-975F-323F94A547EC}.Debug|Any CPU.ActiveCfg = Debug|Any CPU
		{EB3E5C4E-2DBF-40B4-975F-323F94A547EC}.Debug|Any CPU.Build.0 = Debug|Any CPU
		{EB3E5C4E-2DBF-40B4-975F-323F94A547EC}.Release|Any CPU.ActiveCfg = Release|Any CPU
		{EB3E5C4E-2DBF-40B4-975F-323F94A547EC}.Release|Any CPU.Build.0 = Release|Any CPU
	EndGlobalSection
	GlobalSection(SolutionProperties) = preSolution
		HideSolutionNode = FALSE
	EndGlobalSection
	GlobalSection(ExtensibilityGlobals) = postSolution
		SolutionGuid = {50064CA2-89E0-4796-B548-D7996CD70579}
	EndGlobalSection
EndGlobal
